{
  "name": "curso-node",
  "version": "1.0.0",
  "lockfileVersion": 3,
  "requires": true,
  "packages": {
    "": {
      "name": "curso-node",
      "version": "1.0.0",
      "license": "ISC",
      "dependencies": {
        "picocolors": "1.0.0"
      }
    },
    "node_modules/.pnpm/picocolors@1.0.0/node_modules/picocolors": {
      "version": "1.0.0",
      "license": "ISC"
    },
    "node_modules/picocolors": {
      "resolved": "node_modules/.pnpm/picocolors@1.0.0/node_modules/picocolors",
      "link": true
    }
  }
}
